// !$*UTF8*$!
{
	archiveVersion = 1;
	classes = {
	};
	objectVersion = 50;
	objects = {

/* Begin PBXBuildFile section */
		EDEB01EC245DB71700099000 /* AppDelegate.swift in Sources */ = {isa = PBXBuildFile; fileRef = EDEB01EB245DB71700099000 /* AppDelegate.swift */; };
		EDEB01EE245DB71700099000 /* SceneDelegate.swift in Sources */ = {isa = PBXBuildFile; fileRef = EDEB01ED245DB71700099000 /* SceneDelegate.swift */; };
		EDEB01F0245DB71700099000 /* ViewController.swift in Sources */ = {isa = PBXBuildFile; fileRef = EDEB01EF245DB71700099000 /* ViewController.swift */; };
		EDEB01F3245DB71700099000 /* Main.storyboard in Resources */ = {isa = PBXBuildFile; fileRef = EDEB01F1245DB71700099000 /* Main.storyboard */; };
		EDEB01F5245DB71B00099000 /* Assets.xcassets in Resources */ = {isa = PBXBuildFile; fileRef = EDEB01F4245DB71B00099000 /* Assets.xcassets */; };
		EDEB01F8245DB71B00099000 /* LaunchScreen.storyboard in Resources */ = {isa = PBXBuildFile; fileRef = EDEB01F6245DB71B00099000 /* LaunchScreen.storyboard */; };
		EDEB0203245DB71B00099000 /* calculatorTests.swift in Sources */ = {isa = PBXBuildFile; fileRef = EDEB0202245DB71B00099000 /* calculatorTests.swift */; };
		EDEB020E245DB71B00099000 /* calculatorUITests.swift in Sources */ = {isa = PBXBuildFile; fileRef = EDEB020D245DB71B00099000 /* calculatorUITests.swift */; };
/* End PBXBuildFile section */

/* Begin PBXContainerItemProxy section */
		EDEB01FF245DB71B00099000 /* PBXContainerItemProxy */ = {
			isa = PBXContainerItemProxy;
			containerPortal = EDEB01E0245DB71700099000 /* Project object */;
			proxyType = 1;
			remoteGlobalIDString = EDEB01E7245DB71700099000;
			remoteInfo = calculator;
		};
		EDEB020A245DB71B00099000 /* PBXContainerItemProxy */ = {
			isa = PBXContainerItemProxy;
			containerPortal = EDEB01E0245DB71700099000 /* Project object */;
			proxyType = 1;
			remoteGlobalIDString = EDEB01E7245DB71700099000;
			remoteInfo = calculator;
		};
/* End PBXContainerItemProxy section */

/* Begin PBXFileReference section */
		EDEB01E8245DB71700099000 /* calculator.app */ = {isa = PBXFileReference; explicitFileType = wrapper.application; includeInIndex = 0; path = calculator.app; sourceTree = BUILT_PRODUCTS_DIR; };
		EDEB01EB245DB71700099000 /* AppDelegate.swift */ = {isa = PBXFileReference; lastKnownFileType = sourcecode.swift; path = AppDelegate.swift; sourceTree = "<group>"; };
		EDEB01ED245DB71700099000 /* SceneDelegate.swift */ = {isa = PBXFileReference; lastKnownFileType = sourcecode.swift; path = SceneDelegate.swift; sourceTree = "<group>"; };
		EDEB01EF245DB71700099000 /* ViewController.swift */ = {isa = PBXFileReference; lastKnownFileType = sourcecode.swift; path = ViewController.swift; sourceTree = "<group>"; };
		EDEB01F2245DB71700099000 /* Base */ = {isa = PBXFileReference; lastKnownFileType = file.storyboard; name = Base; path = Base.lproj/Main.storyboard; sourceTree = "<group>"; };
		EDEB01F4245DB71B00099000 /* Assets.xcassets */ = {isa = PBXFileReference; lastKnownFileType = folder.assetcatalog; path = Assets.xcassets; sourceTree = "<group>"; };
		EDEB01F7245DB71B00099000 /* Base */ = {isa = PBXFileReference; lastKnownFileType = file.storyboard; name = Base; path = Base.lproj/LaunchScreen.storyboard; sourceTree = "<group>"; };
		EDEB01F9245DB71B00099000 /* Info.plist */ = {isa = PBXFileReference; lastKnownFileType = text.plist.xml; path = Info.plist; sourceTree = "<group>"; };
		EDEB01FE245DB71B00099000 /* calculatorTests.xctest */ = {isa = PBXFileReference; explicitFileType = wrapper.cfbundle; includeInIndex = 0; path = calculatorTests.xctest; sourceTree = BUILT_PRODUCTS_DIR; };
		EDEB0202245DB71B00099000 /* calculatorTests.swift */ = {isa = PBXFileReference; lastKnownFileType = sourcecode.swift; path = calculatorTests.swift; sourceTree = "<group>"; };
		EDEB0204245DB71B00099000 /* Info.plist */ = {isa = PBXFileReference; lastKnownFileType = text.plist.xml; path = Info.plist; sourceTree = "<group>"; };
		EDEB0209245DB71B00099000 /* calculatorUITests.xctest */ = {isa = PBXFileReference; explicitFileType = wrapper.cfbundle; includeInIndex = 0; path = calculatorUITests.xctest; sourceTree = BUILT_PRODUCTS_DIR; };
		EDEB020D245DB71B00099000 /* calculatorUITests.swift */ = {isa = PBXFileReference; lastKnownFileType = sourcecode.swift; path = calculatorUITests.swift; sourceTree = "<group>"; };
		EDEB020F245DB71B00099000 /* Info.plist */ = {isa = PBXFileReference; lastKnownFileType = text.plist.xml; path = Info.plist; sourceTree = "<group>"; };
/* End PBXFileReference section */

/* Begin PBXFrameworksBuildPhase section */
		EDEB01E5245DB71700099000 /* Frameworks */ = {
			isa = PBXFrameworksBuildPhase;
			buildActionMask = 2147483647;
			files = (
			);
			runOnlyForDeploymentPostprocessing = 0;
		};
		EDEB01FB245DB71B00099000 /* Frameworks */ = {
			isa = PBXFrameworksBuildPhase;
			buildActionMask = 2147483647;
			files = (
			);
			runOnlyForDeploymentPostprocessing = 0;
		};
		EDEB0206245DB71B00099000 /* Frameworks */ = {
			isa = PBXFrameworksBuildPhase;
			buildActionMask = 2147483647;
			files = (
			);
			runOnlyForDeploymentPostprocessing = 0;
		};
/* End PBXFrameworksBuildPhase section */

/* Begin PBXGroup section */
		EDEB01DF245DB71700099000 = {
			isa = PBXGroup;
			children = (
				EDEB01EA245DB71700099000 /* calculator */,
				EDEB0201245DB71B00099000 /* calculatorTests */,
				EDEB020C245DB71B00099000 /* calculatorUITests */,
				EDEB01E9245DB71700099000 /* Products */,
			);
			sourceTree = "<group>";
		};
		EDEB01E9245DB71700099000 /* Products */ = {
			isa = PBXGroup;
			children = (
				EDEB01E8245DB71700099000 /* calculator.app */,
				EDEB01FE245DB71B00099000 /* calculatorTests.xctest */,
				EDEB0209245DB71B00099000 /* calculatorUITests.xctest */,
			);
			name = Products;
			sourceTree = "<group>";
		};
		EDEB01EA245DB71700099000 /* calculator */ = {
			isa = PBXGroup;
			children = (
				EDEB01EB245DB71700099000 /* AppDelegate.swift */,
				EDEB01ED245DB71700099000 /* SceneDelegate.swift */,
				EDEB01EF245DB71700099000 /* ViewController.swift */,
				EDEB01F1245DB71700099000 /* Main.storyboard */,
				EDEB01F4245DB71B00099000 /* Assets.xcassets */,
				EDEB01F6245DB71B00099000 /* LaunchScreen.storyboard */,
				EDEB01F9245DB71B00099000 /* Info.plist */,
			);
			path = calculator;
			sourceTree = "<group>";
		};
		EDEB0201245DB71B00099000 /* calculatorTests */ = {
			isa = PBXGroup;
			children = (
				EDEB0202245DB71B00099000 /* calculatorTests.swift */,
				EDEB0204245DB71B00099000 /* Info.plist */,
			);
			path = calculatorTests;
			sourceTree = "<group>";
		};
		EDEB020C245DB71B00099000 /* calculatorUITests */ = {
			isa = PBXGroup;
			children = (
				EDEB020D245DB71B00099000 /* calculatorUITests.swift */,
				EDEB020F245DB71B00099000 /* Info.plist */,
			);
			path = calculatorUITests;
			sourceTree = "<group>";
		};
/* End PBXGroup section */

/* Begin PBXNativeTarget section */
		EDEB01E7245DB71700099000 /* calculator */ = {
			isa = PBXNativeTarget;
			buildConfigurationList = EDEB0212245DB71B00099000 /* Build configuration list for PBXNativeTarget "calculator" */;
			buildPhases = (
				EDEB01E4245DB71700099000 /* Sources */,
				EDEB01E5245DB71700099000 /* Frameworks */,
				EDEB01E6245DB71700099000 /* Resources */,
			);
			buildRules = (
			);
			dependencies = (
			);
			name = calculator;
			productName = calculator;
			productReference = EDEB01E8245DB71700099000 /* calculator.app */;
			productType = "com.apple.product-type.application";
		};
		EDEB01FD245DB71B00099000 /* calculatorTests */ = {
			isa = PBXNativeTarget;
			buildConfigurationList = EDEB0215245DB71B00099000 /* Build configuration list for PBXNativeTarget "calculatorTests" */;
			buildPhases = (
				EDEB01FA245DB71B00099000 /* Sources */,
				EDEB01FB245DB71B00099000 /* Frameworks */,
				EDEB01FC245DB71B00099000 /* Resources */,
			);
			buildRules = (
			);
			dependencies = (
				EDEB0200245DB71B00099000 /* PBXTargetDependency */,
			);
			name = calculatorTests;
			productName = calculatorTests;
			productReference = EDEB01FE245DB71B00099000 /* calculatorTests.xctest */;
			productType = "com.apple.product-type.bundle.unit-test";
		};
		EDEB0208245DB71B00099000 /* calculatorUITests */ = {
			isa = PBXNativeTarget;
			buildConfigurationList = EDEB0218245DB71B00099000 /* Build configuration list for PBXNativeTarget "calculatorUITests" */;
			buildPhases = (
				EDEB0205245DB71B00099000 /* Sources */,
				EDEB0206245DB71B00099000 /* Frameworks */,
				EDEB0207245DB71B00099000 /* Resources */,
			);
			buildRules = (
			);
			dependencies = (
				EDEB020B245DB71B00099000 /* PBXTargetDependency */,
			);
			name = calculatorUITests;
			productName = calculatorUITests;
			productReference = EDEB0209245DB71B00099000 /* calculatorUITests.xctest */;
			productType = "com.apple.product-type.bundle.ui-testing";
		};
/* End PBXNativeTarget section */

/* Begin PBXProject section */
		EDEB01E0245DB71700099000 /* Project object */ = {
			isa = PBXProject;
			attributes = {
				LastSwiftUpdateCheck = 1140;
				LastUpgradeCheck = 1140;
				ORGANIZATIONNAME = "Fujita Fujimon";
				TargetAttributes = {
					EDEB01E7245DB71700099000 = {
						CreatedOnToolsVersion = 11.4.1;
					};
					EDEB01FD245DB71B00099000 = {
						CreatedOnToolsVersion = 11.4.1;
						TestTargetID = EDEB01E7245DB71700099000;
					};
					EDEB0208245DB71B00099000 = {
						CreatedOnToolsVersion = 11.4.1;
						TestTargetID = EDEB01E7245DB71700099000;
					};
				};
			};
			buildConfigurationList = EDEB01E3245DB71700099000 /* Build configuration list for PBXProject "calculator" */;
			compatibilityVersion = "Xcode 9.3";
			developmentRegion = en;
			hasScannedForEncodings = 0;
			knownRegions = (
				en,
				Base,
			);
			mainGroup = EDEB01DF245DB71700099000;
			productRefGroup = EDEB01E9245DB71700099000 /* Products */;
			projectDirPath = "";
			projectRoot = "";
			targets = (
				EDEB01E7245DB71700099000 /* calculator */,
				EDEB01FD245DB71B00099000 /* calculatorTests */,
				EDEB0208245DB71B00099000 /* calculatorUITests */,
			);
		};
/* End PBXProject section */

/* Begin PBXResourcesBuildPhase section */
		EDEB01E6245DB71700099000 /* Resources */ = {
			isa = PBXResourcesBuildPhase;
			buildActionMask = 2147483647;
			files = (
				EDEB01F8245DB71B00099000 /* LaunchScreen.storyboard in Resources */,
				EDEB01F5245DB71B00099000 /* Assets.xcassets in Resources */,
				EDEB01F3245DB71700099000 /* Main.storyboard in Resources */,
			);
			runOnlyForDeploymentPostprocessing = 0;
		};
		EDEB01FC245DB71B00099000 /* Resources */ = {
			isa = PBXResourcesBuildPhase;
			buildActionMask = 2147483647;
			files = (
			);
			runOnlyForDeploymentPostprocessing = 0;
		};
		EDEB0207245DB71B00099000 /* Resources */ = {
			isa = PBXResourcesBuildPhase;
			buildActionMask = 2147483647;
			files = (
			);
			runOnlyForDeploymentPostprocessing = 0;
		};
/* End PBXResourcesBuildPhase section */

/* Begin PBXSourcesBuildPhase section */
		EDEB01E4245DB71700099000 /* Sources */ = {
			isa = PBXSourcesBuildPhase;
			buildActionMask = 2147483647;
			files = (
				EDEB01F0245DB71700099000 /* ViewController.swift in Sources */,
				EDEB01EC245DB71700099000 /* AppDelegate.swift in Sources */,
				EDEB01EE245DB71700099000 /* SceneDelegate.swift in Sources */,
			);
			runOnlyForDeploymentPostprocessing = 0;
		};
		EDEB01FA245DB71B00099000 /* Sources */ = {
			isa = PBXSourcesBuildPhase;
			buildActionMask = 2147483647;
			files = (
				EDEB0203245DB71B00099000 /* calculatorTests.swift in Sources */,
			);
			runOnlyForDeploymentPostprocessing = 0;
		};
		EDEB0205245DB71B00099000 /* Sources */ = {
			isa = PBXSourcesBuildPhase;
			buildActionMask = 2147483647;
			files = (
				EDEB020E245DB71B00099000 /* calculatorUITests.swift in Sources */,
			);
			runOnlyForDeploymentPostprocessing = 0;
		};
/* End PBXSourcesBuildPhase section */

/* Begin PBXTargetDependency section */
		EDEB0200245DB71B00099000 /* PBXTargetDependency */ = {
			isa = PBXTargetDependency;
			target = EDEB01E7245DB71700099000 /* calculator */;
			targetProxy = EDEB01FF245DB71B00099000 /* PBXContainerItemProxy */;
		};
		EDEB020B245DB71B00099000 /* PBXTargetDependency */ = {
			isa = PBXTargetDependency;
			target = EDEB01E7245DB71700099000 /* calculator */;
			targetProxy = EDEB020A245DB71B00099000 /* PBXContainerItemProxy */;
		};
/* End PBXTargetDependency section */

/* Begin PBXVariantGroup section */
		EDEB01F1245DB71700099000 /* Main.storyboard */ = {
			isa = PBXVariantGroup;
			children = (
				EDEB01F2245DB71700099000 /* Base */,
			);
			name = Main.storyboard;
			sourceTree = "<group>";
		};
		EDEB01F6245DB71B00099000 /* LaunchScreen.storyboard */ = {
			isa = PBXVariantGroup;
			children = (
				EDEB01F7245DB71B00099000 /* Base */,
			);
			name = LaunchScreen.storyboard;
			sourceTree = "<group>";
		};
/* End PBXVariantGroup section */

/* Begin XCBuildConfiguration section */
		EDEB0210245DB71B00099000 /* Debug */ = {
			isa = XCBuildConfiguration;
			buildSettings = {
				ALWAYS_SEARCH_USER_PATHS = NO;
				CLANG_ANALYZER_NONNULL = YES;
				CLANG_ANALYZER_NUMBER_OBJECT_CONVERSION = YES_AGGRESSIVE;
				CLANG_CXX_LANGUAGE_STANDARD = "gnu++14";
				CLANG_CXX_LIBRARY = "libc++";
				CLANG_ENABLE_MODULES = YES;
				CLANG_ENABLE_OBJC_ARC = YES;
				CLANG_ENABLE_OBJC_WEAK = YES;
				CLANG_WARN_BLOCK_CAPTURE_AUTORELEASING = YES;
				CLANG_WARN_BOOL_CONVERSION = YES;
				CLANG_WARN_COMMA = YES;
				CLANG_WARN_CONSTANT_CONVERSION = YES;
				CLANG_WARN_DEPRECATED_OBJC_IMPLEMENTATIONS = YES;
				CLANG_WARN_DIRECT_OBJC_ISA_USAGE = YES_ERROR;
				CLANG_WARN_DOCUMENTATION_COMMENTS = YES;
				CLANG_WARN_EMPTY_BODY = YES;
				CLANG_WARN_ENUM_CONVERSION = YES;
				CLANG_WARN_INFINITE_RECURSION = YES;
				CLANG_WARN_INT_CONVERSION = YES;
				CLANG_WARN_NON_LITERAL_NULL_CONVERSION = YES;
				CLANG_WARN_OBJC_IMPLICIT_RETAIN_SELF = YES;
				CLANG_WARN_OBJC_LITERAL_CONVERSION = YES;
				CLANG_WARN_OBJC_ROOT_CLASS = YES_ERROR;
				CLANG_WARN_RANGE_LOOP_ANALYSIS = YES;
				CLANG_WARN_STRICT_PROTOTYPES = YES;
				CLANG_WARN_SUSPICIOUS_MOVE = YES;
				CLANG_WARN_UNGUARDED_AVAILABILITY = YES_AGGRESSIVE;
				CLANG_WARN_UNREACHABLE_CODE = YES;
				CLANG_WARN__DUPLICATE_METHOD_MATCH = YES;
				COPY_PHASE_STRIP = NO;
				DEBUG_INFORMATION_FORMAT = dwarf;
				ENABLE_STRICT_OBJC_MSGSEND = YES;
				ENABLE_TESTABILITY = YES;
				GCC_C_LANGUAGE_STANDARD = gnu11;
				GCC_DYNAMIC_NO_PIC = NO;
				GCC_NO_COMMON_BLOCKS = YES;
				GCC_OPTIMIZATION_LEVEL = 0;
				GCC_PREPROCESSOR_DEFINITIONS = (
					"DEBUG=1",
					"$(inherited)",
				);
				GCC_WARN_64_TO_32_BIT_CONVERSION = YES;
				GCC_WARN_ABOUT_RETURN_TYPE = YES_ERROR;
				GCC_WARN_UNDECLARED_SELECTOR = YES;
				GCC_WARN_UNINITIALIZED_AUTOS = YES_AGGRESSIVE;
				GCC_WARN_UNUSED_FUNCTION = YES;
				GCC_WARN_UNUSED_VARIABLE = YES;
				IPHONEOS_DEPLOYMENT_TARGET = 13.4;
				MTL_ENABLE_DEBUG_INFO = INCLUDE_SOURCE;
				MTL_FAST_MATH = YES;
				ONLY_ACTIVE_ARCH = YES;
				SDKROOT = iphoneos;
				SWIFT_ACTIVE_COMPILATION_CONDITIONS = DEBUG;
				SWIFT_OPTIMIZATION_LEVEL = "-Onone";
			};
			name = Debug;
		};
		EDEB0211245DB71B00099000 /* Release */ = {
			isa = XCBuildConfiguration;
			buildSettings = {
				ALWAYS_SEARCH_USER_PATHS = NO;
				CLANG_ANALYZER_NONNULL = YES;
				CLANG_ANALYZER_NUMBER_OBJECT_CONVERSION = YES_AGGRESSIVE;
				CLANG_CXX_LANGUAGE_STANDARD = "gnu++14";
				CLANG_CXX_LIBRARY = "libc++";
				CLANG_ENABLE_MODULES = YES;
				CLANG_ENABLE_OBJC_ARC = YES;
				CLANG_ENABLE_OBJC_WEAK = YES;
				CLANG_WARN_BLOCK_CAPTURE_AUTORELEASING = YES;
				CLANG_WARN_BOOL_CONVERSION = YES;
				CLANG_WARN_COMMA = YES;
				CLANG_WARN_CONSTANT_CONVERSION = YES;
				CLANG_WARN_DEPRECATED_OBJC_IMPLEMENTATIONS = YES;
				CLANG_WARN_DIRECT_OBJC_ISA_USAGE = YES_ERROR;
				CLANG_WARN_DOCUMENTATION_COMMENTS = YES;
				CLANG_WARN_EMPTY_BODY = YES;
				CLANG_WARN_ENUM_CONVERSION = YES;
				CLANG_WARN_INFINITE_RECURSION = YES;
				CLANG_WARN_INT_CONVERSION = YES;
				CLANG_WARN_NON_LITERAL_NULL_CONVERSION = YES;
				CLANG_WARN_OBJC_IMPLICIT_RETAIN_SELF = YES;
				CLANG_WARN_OBJC_LITERAL_CONVERSION = YES;
				CLANG_WARN_OBJC_ROOT_CLASS = YES_ERROR;
				CLANG_WARN_RANGE_LOOP_ANALYSIS = YES;
				CLANG_WARN_STRICT_PROTOTYPES = YES;
				CLANG_WARN_SUSPICIOUS_MOVE = YES;
				CLANG_WARN_UNGUARDED_AVAILABILITY = YES_AGGRESSIVE;
				CLANG_WARN_UNREACHABLE_CODE = YES;
				CLANG_WARN__DUPLICATE_METHOD_MATCH = YES;
				COPY_PHASE_STRIP = NO;
				DEBUG_INFORMATION_FORMAT = "dwarf-with-dsym";
				ENABLE_NS_ASSERTIONS = NO;
				ENABLE_STRICT_OBJC_MSGSEND = YES;
				GCC_C_LANGUAGE_STANDARD = gnu11;
				GCC_NO_COMMON_BLOCKS = YES;
				GCC_WARN_64_TO_32_BIT_CONVERSION = YES;
				GCC_WARN_ABOUT_RETURN_TYPE = YES_ERROR;
				GCC_WARN_UNDECLARED_SELECTOR = YES;
				GCC_WARN_UNINITIALIZED_AUTOS = YES_AGGRESSIVE;
				GCC_WARN_UNUSED_FUNCTION = YES;
				GCC_WARN_UNUSED_VARIABLE = YES;
				IPHONEOS_DEPLOYMENT_TARGET = 13.4;
				MTL_ENABLE_DEBUG_INFO = NO;
				MTL_FAST_MATH = YES;
				SDKROOT = iphoneos;
				SWIFT_COMPILATION_MODE = wholemodule;
				SWIFT_OPTIMIZATION_LEVEL = "-O";
				VALIDATE_PRODUCT = YES;
			};
			name = Release;
		};
		EDEB0213245DB71B00099000 /* Debug */ = {
			isa = XCBuildConfiguration;
			buildSettings = {
				ASSETCATALOG_COMPILER_APPICON_NAME = AppIcon;
				CODE_SIGN_STYLE = Automatic;
				INFOPLIST_FILE = calculator/Info.plist;
				LD_RUNPATH_SEARCH_PATHS = (
					"$(inherited)",
					"@executable_path/Frameworks",
				);
				PRODUCT_BUNDLE_IDENTIFIER = app.Fujimon.Fujita.calculator;
				PRODUCT_NAME = "$(TARGET_NAME)";
				SWIFT_VERSION = 5.0;
				TARGETED_DEVICE_FAMILY = "1,2";
			};
			name = Debug;
		};
		EDEB0214245DB71B00099000 /* Release */ = {
			isa = XCBuildConfiguration;
			buildSettings = {
				ASSETCATALOG_COMPILER_APPICON_NAME = AppIcon;
				CODE_SIGN_STYLE = Automatic;
				INFOPLIST_FILE = calculator/Info.plist;
				LD_RUNPATH_SEARCH_PATHS = (
					"$(inherited)",
					"@executable_path/Frameworks",
				);
				PRODUCT_BUNDLE_IDENTIFIER = app.Fujimon.Fujita.calculator;
				PRODUCT_NAME = "$(TARGET_NAME)";
				SWIFT_VERSION = 5.0;
				TARGETED_DEVICE_FAMILY = "1,2";
			};
			name = Release;
		};
		EDEB0216245DB71B00099000 /* Debug */ = {
			isa = XCBuildConfiguration;
			buildSettings = {
				ALWAYS_EMBED_SWIFT_STANDARD_LIBRARIES = YES;
				BUNDLE_LOADER = "$(TEST_HOST)";
				CODE_SIGN_STYLE = Automatic;
				INFOPLIST_FILE = calculatorTests/Info.plist;
				IPHONEOS_DEPLOYMENT_TARGET = 13.4;
				LD_RUNPATH_SEARCH_PATHS = (
					"$(inherited)",
					"@executable_path/Frameworks",
					"@loader_path/Frameworks",
				);
				PRODUCT_BUNDLE_IDENTIFIER = app.Fujimon.Fujita.calculatorTests;
				PRODUCT_NAME = "$(TARGET_NAME)";
				SWIFT_VERSION = 5.0;
				TARGETED_DEVICE_FAMILY = "1,2";
				TEST_HOST = "$(BUILT_PRODUCTS_DIR)/calculator.app/calculator";
			};
			name = Debug;
		};
		EDEB0217245DB71B00099000 /* Release */ = {
			isa = XCBuildConfiguration;
			buildSettings = {
				ALWAYS_EMBED_SWIFT_STANDARD_LIBRARIES = YES;
				BUNDLE_LOADER = "$(TEST_HOST)";
				CODE_SIGN_STYLE = Automatic;
				INFOPLIST_FILE = calculatorTests/Info.plist;
				IPHONEOS_DEPLOYMENT_TARGET = 13.4;
				LD_RUNPATH_SEARCH_PATHS = (
					"$(inherited)",
					"@executable_path/Frameworks",
					"@loader_path/Frameworks",
				);
				PRODUCT_BUNDLE_IDENTIFIER = app.Fujimon.Fujita.calculatorTests;
				PRODUCT_NAME = "$(TARGET_NAME)";
				SWIFT_VERSION = 5.0;
				TARGETED_DEVICE_FAMILY = "1,2";
				TEST_HOST = "$(BUILT_PRODUCTS_DIR)/calculator.app/calculator";
			};
			name = Release;
		};
		EDEB0219245DB71B00099000 /* Debug */ = {
			isa = XCBuildConfiguration;
			buildSettings = {
				ALWAYS_EMBED_SWIFT_STANDARD_LIBRARIES = YES;
				CODE_SIGN_STYLE = Automatic;
				INFOPLIST_FILE = calculatorUITests/Info.plist;
				LD_RUNPATH_SEARCH_PATHS = (
					"$(inherited)",
					"@executable_path/Frameworks",
					"@loader_path/Frameworks",
				);
				PRODUCT_BUNDLE_IDENTIFIER = app.Fujimon.Fujita.calculatorUITests;
				PRODUCT_NAME = "$(TARGET_NAME)";
				SWIFT_VERSION = 5.0;
				TARGETED_DEVICE_FAMILY = "1,2";
				TEST_TARGET_NAME = calculator;
			};
			name = Debug;
		};
		EDEB021A245DB71B00099000 /* Release */ = {
			isa = XCBuildConfiguration;
			buildSettings = {
				ALWAYS_EMBED_SWIFT_STANDARD_LIBRARIES = YES;
				CODE_SIGN_STYLE = Automatic;
				INFOPLIST_FILE = calculatorUITests/Info.plist;
				LD_RUNPATH_SEARCH_PATHS = (
					"$(inherited)",
					"@executable_path/Frameworks",
					"@loader_path/Frameworks",
				);
				PRODUCT_BUNDLE_IDENTIFIER = app.Fujimon.Fujita.calculatorUITests;
				PRODUCT_NAME = "$(TARGET_NAME)";
				SWIFT_VERSION = 5.0;
				TARGETED_DEVICE_FAMILY = "1,2";
				TEST_TARGET_NAME = calculator;
			};
			name = Release;
		};
/* End XCBuildConfiguration section */

/* Begin XCConfigurationList section */
		EDEB01E3245DB71700099000 /* Build configuration list for PBXProject "calculator" */ = {
			isa = XCConfigurationList;
			buildConfigurations = (
				EDEB0210245DB71B00099000 /* Debug */,
				EDEB0211245DB71B00099000 /* Release */,
			);
			defaultConfigurationIsVisible = 0;
			defaultConfigurationName = Release;
		};
		EDEB0212245DB71B00099000 /* Build configuration list for PBXNativeTarget "calculator" */ = {
			isa = XCConfigurationList;
			buildConfigurations = (
				EDEB0213245DB71B00099000 /* Debug */,
				EDEB0214245DB71B00099000 /* Release */,
			);
			defaultConfigurationIsVisible = 0;
			defaultConfigurationName = Release;
		};
		EDEB0215245DB71B00099000 /* Build configuration list for PBXNativeTarget "calculatorTests" */ = {
			isa = XCConfigurationList;
			buildConfigurations = (
				EDEB0216245DB71B00099000 /* Debug */,
				EDEB0217245DB71B00099000 /* Release */,
			);
			defaultConfigurationIsVisible = 0;
			defaultConfigurationName = Release;
		};
		EDEB0218245DB71B00099000 /* Build configuration list for PBXNativeTarget "calculatorUITests" */ = {
			isa = XCConfigurationList;
			buildConfigurations = (
				EDEB0219245DB71B00099000 /* Debug */,
				EDEB021A245DB71B00099000 /* Release */,
			);
			defaultConfigurationIsVisible = 0;
			defaultConfigurationName = Release;
		};
/* End XCConfigurationList section */
	};
	rootObject = EDEB01E0245DB71700099000 /* Project object */;
}
